{
  "requires": true,
  "lockfileVersion": 1,
  "dependencies": {
    "iview-weapp": {
      "version": "2.0.0",
      "resolved": "http://registry.npm.taobao.org/iview-weapp/download/iview-weapp-2.0.0.tgz"
    },
    "vant-weapp": {
      "version": "0.2.1",
      "resolved": "https://registry.npmjs.org/vant-weapp/-/vant-weapp-0.2.1.tgz",
      "integrity": "sha512-8UQwA7jVrtZwU9HUvaOQ+Gj/pPfFoefJ3c628Te5IPyhQOppzcrb8B2U/zTc1gpXGvFNpj7e5t71zk7NwMt9Ow=="
    }
  }
}
